// !$*UTF8*$!
{
	archiveVersion = 1;
	classes = {
	};
	objectVersion = 50;
	objects = {

/* Begin PBXFileReference section */
		62FB1EE222CEE7EB001D6A42 /* minidlna.sh */ = {isa = PBXFileReference; lastKnownFileType = text.script.sh; path = minidlna.sh; sourceTree = "<group>"; };
/* End PBXFileReference section */

/* Begin PBXGroup section */
		62FB1EDB22CEE78B001D6A42 = {
			isa = PBXGroup;
			children = (
				62FB1EE222CEE7EB001D6A42 /* minidlna.sh */,
			);
			sourceTree = "<group>";
		};
/* End PBXGroup section */

/* Begin PBXProject section */
		62FB1EDC22CEE78B001D6A42 /* Project object */ = {
			isa = PBXProject;
			attributes = {
				LastUpgradeCheck = 1020;
			};
			buildConfigurationList = 62FB1EDF22CEE78B001D6A42 /* Build configuration list for PBXProject "MiniDLNA-Manager" */;
			compatibilityVersion = "Xcode 9.3";
			developmentRegion = en;
			hasScannedForEncodings = 0;
			knownRegions = (
				en,
			);
			mainGroup = 62FB1EDB22CEE78B001D6A42;
			projectDirPath = "";
			projectRoot = "";
			targets = (
			);
		};
/* End PBXProject section */

/* Begin XCBuildConfiguration section */
		62FB1EE022CEE78B001D6A42 /* Debug */ = {
			isa = XCBuildConfiguration;
			buildSettings = {
			};
			name = Debug;
		};
		62FB1EE122CEE78B001D6A42 /* Release */ = {
			isa = XCBuildConfiguration;
			buildSettings = {
			};
			name = Release;
		};
/* End XCBuildConfiguration section */

/* Begin XCConfigurationList section */
		62FB1EDF22CEE78B001D6A42 /* Build configuration list for PBXProject "MiniDLNA-Manager" */ = {
			isa = XCConfigurationList;
			buildConfigurations = (
				62FB1EE022CEE78B001D6A42 /* Debug */,
				62FB1EE122CEE78B001D6A42 /* Release */,
			);
			defaultConfigurationIsVisible = 0;
			defaultConfigurationName = Release;
		};
/* End XCConfigurationList section */
	};
	rootObject = 62FB1EDC22CEE78B001D6A42 /* Project object */;
}
